PODS:
  - EasyPeasy (1.2.1)
  - StackScrollView (0.1.0):
    - EasyPeasy
  - Then (1.0.3)

DEPENDENCIES:
  - StackScrollView (from `../`)
  - Then

EXTERNAL SOURCES:
  StackScrollView:
    :path: "../"

SPEC CHECKSUMS:
  EasyPeasy: b39f8cb9619fd248f8b65654e38eafb07efaf675
  StackScrollView: d07492b72960139b86bf68814dbe3bea7eddf76d
  Then: c2502b763132c80dfa64d325065d70c45e2d48ca

PODFILE CHECKSUM: b8bc53110533220a13033fe6bdaf6079d8e487a7

COCOAPODS: 1.0.1
