PODS:
  - EasyPeasy (1.8.0)
  - Reveal-SDK (20)

DEPENDENCIES:
  - EasyPeasy
  - Reveal-SDK

SPEC REPOS:
  https://github.com/cocoapods/specs.git:
    - EasyPeasy
    - Reveal-SDK

SPEC CHECKSUMS:
  EasyPeasy: bfffe5d47bbaaef3e32888c250a196768484b43a
  Reveal-SDK: 43206a57f575632fd304e85385cc259b5d359e32

PODFILE CHECKSUM: 801a5623355ad33f423fde4c805d2477d85eadb4

COCOAPODS: 1.6.0.beta.2
