PODS:
  - EasyPeasy (1.8.0)
  - Reveal-SDK (21)

DEPENDENCIES:
  - EasyPeasy
  - Reveal-SDK

SPEC REPOS:
  https://github.com/cocoapods/specs.git:
    - EasyPeasy
    - Reveal-SDK

SPEC CHECKSUMS:
  EasyPeasy: bfffe5d47bbaaef3e32888c250a196768484b43a
  Reveal-SDK: 3523e0eb7c562811c51bb71da6e523a6373702c8

PODFILE CHECKSUM: 801a5623355ad33f423fde4c805d2477d85eadb4

COCOAPODS: 1.6.0
