PODS:
  - EasyPeasy (1.10.0)
  - Reveal-SDK (32)

DEPENDENCIES:
  - EasyPeasy
  - Reveal-SDK

SPEC REPOS:
  trunk:
    - EasyPeasy
    - Reveal-SDK

SPEC CHECKSUMS:
  EasyPeasy: b9b1bae024d21a7dfa9bad26d6826d88348cc6f1
  Reveal-SDK: 559f22118e742b3e7d03cd50350efe21a0d0b3ba

PODFILE CHECKSUM: 801a5623355ad33f423fde4c805d2477d85eadb4

COCOAPODS: 1.11.2
